
Microsoft Visual Studio Solution File, Format Version 12.00
# Visual Studio 2013
VisualStudioVersion = 12.0.31101.0
MinimumVisualStudioVersion = 10.0.40219.1
Project("{FAE04EC0-301F-11D3-BF4B-00C04F79EFBC}") = "Klarna.Kco", "Klarna.Kco\Klarna.Kco.csproj", "{803F5E1D-3C2C-4E99-B485-F84397BC25AA}"
EndProject
Project("{FAE04EC0-301F-11D3-BF4B-00C04F79EFBC}") = "Klarna.Kco.Tests", "Klarna.Kco.Tests\Klarna.Kco.Tests.csproj", "{8BE5E3D0-C6C4-435F-A06D-85041B8D1509}"
EndProject
Project("{2150E333-8FDC-42A3-9474-1A3956D46DE8}") = ".nuget", ".nuget", "{D6F6E00F-8F66-4427-A93C-DCE5A834EAB3}"
	ProjectSection(SolutionItems) = preProject
		.nuget\packages.config = .nuget\packages.config
	EndProjectSection
EndProject
Project("{FAE04EC0-301F-11D3-BF4B-00C04F79EFBC}") = "Klarna.Kco.Examples", "Klarna.Kco.Examples\Klarna.Kco.Examples.csproj", "{07BF83E7-366D-4CB6-8EE3-0EC989261A96}"
EndProject
Project("{2150E333-8FDC-42A3-9474-1A3956D46DE8}") = "Solution Items", "Solution Items", "{F9BEC1C3-9CFA-42E9-A033-DAAA2AF5A23F}"
	ProjectSection(SolutionItems) = preProject
		build.xml = build.xml
		CHANGELOG.txt = CHANGELOG.txt
		README.md = README.md
		version.properties = version.properties
	EndProjectSection
EndProject
Global
	GlobalSection(SolutionConfigurationPlatforms) = preSolution
		Debug|Any CPU = Debug|Any CPU
		Release|Any CPU = Release|Any CPU
	EndGlobalSection
	GlobalSection(ProjectConfigurationPlatforms) = postSolution
		{803F5E1D-3C2C-4E99-B485-F84397BC25AA}.Debug|Any CPU.ActiveCfg = Debug|Any CPU
		{803F5E1D-3C2C-4E99-B485-F84397BC25AA}.Debug|Any CPU.Build.0 = Debug|Any CPU
		{803F5E1D-3C2C-4E99-B485-F84397BC25AA}.Release|Any CPU.ActiveCfg = Release|Any CPU
		{803F5E1D-3C2C-4E99-B485-F84397BC25AA}.Release|Any CPU.Build.0 = Release|Any CPU
		{8BE5E3D0-C6C4-435F-A06D-85041B8D1509}.Debug|Any CPU.ActiveCfg = Debug|Any CPU
		{8BE5E3D0-C6C4-435F-A06D-85041B8D1509}.Debug|Any CPU.Build.0 = Debug|Any CPU
		{8BE5E3D0-C6C4-435F-A06D-85041B8D1509}.Release|Any CPU.ActiveCfg = Release|Any CPU
		{8BE5E3D0-C6C4-435F-A06D-85041B8D1509}.Release|Any CPU.Build.0 = Release|Any CPU
		{07BF83E7-366D-4CB6-8EE3-0EC989261A96}.Debug|Any CPU.ActiveCfg = Debug|Any CPU
		{07BF83E7-366D-4CB6-8EE3-0EC989261A96}.Debug|Any CPU.Build.0 = Debug|Any CPU
		{07BF83E7-366D-4CB6-8EE3-0EC989261A96}.Release|Any CPU.ActiveCfg = Release|Any CPU
		{07BF83E7-366D-4CB6-8EE3-0EC989261A96}.Release|Any CPU.Build.0 = Release|Any CPU
	EndGlobalSection
	GlobalSection(SolutionProperties) = preSolution
		HideSolutionNode = FALSE
	EndGlobalSection
EndGlobal
